# THIS IS AN AUTOGENERATED FILE. DO NOT EDIT THIS FILE DIRECTLY.
# yarn lockfile v1


vanilla-nested@^1.7.1:
  version "1.7.1"
  resolved "https://registry.yarnpkg.com/vanilla-nested/-/vanilla-nested-1.7.1.tgz#e7a00723ffd6396d10e15053cd58b54f5bac8be6"
  integrity sha512-z8nOa5n3bczhSno27TCABMc9qKjPcMP4iW6THqWxmtPZ8ZsFtoOl6XJGsqTvemkjSRpyFq4Zgqe7wZgCH9GHLw==
